// !$*UTF8*$!
{
	archiveVersion = 1;
	classes = {
	};
	objectVersion = 46;
	objects = {

/* Begin PBXBuildFile section */
		846665011E1993CA000F40E5 /* ConsolGame.m in Sources */ = {isa = PBXBuildFile; fileRef = 846664FF1E1993CA000F40E5 /* ConsolGame.m */; };
		846665021E1993CA000F40E5 /* main.m in Sources */ = {isa = PBXBuildFile; fileRef = 846665001E1993CA000F40E5 /* main.m */; };
		846665131E1BE22C000F40E5 /* screenplay.json in CopyFiles */ = {isa = PBXBuildFile; fileRef = 846665101E1BDFE3000F40E5 /* screenplay.json */; settings = {ATTRIBUTES = (CodeSignOnCopy, ); }; };
/* End PBXBuildFile section */

/* Begin PBXCopyFilesBuildPhase section */
		846663AB1E1971F0000F40E5 /* CopyFiles */ = {
			isa = PBXCopyFilesBuildPhase;
			buildActionMask = 12;
			dstPath = "";
			dstSubfolderSpec = 7;
			files = (
				846665131E1BE22C000F40E5 /* screenplay.json in CopyFiles */,
			);
			runOnlyForDeploymentPostprocessing = 0;
		};
/* End PBXCopyFilesBuildPhase section */

/* Begin PBXFileReference section */
		846663AD1E1971F0000F40E5 /* consoleGame */ = {isa = PBXFileReference; explicitFileType = "compiled.mach-o.executable"; includeInIndex = 0; path = consoleGame; sourceTree = BUILT_PRODUCTS_DIR; };
		846664FE1E1993CA000F40E5 /* ConsolGame.h */ = {isa = PBXFileReference; fileEncoding = 4; lastKnownFileType = sourcecode.c.h; name = ConsolGame.h; path = consoleGame/ConsolGame.h; sourceTree = SOURCE_ROOT; };
		846664FF1E1993CA000F40E5 /* ConsolGame.m */ = {isa = PBXFileReference; fileEncoding = 4; lastKnownFileType = sourcecode.c.objc; name = ConsolGame.m; path = consoleGame/ConsolGame.m; sourceTree = SOURCE_ROOT; };
		846665001E1993CA000F40E5 /* main.m */ = {isa = PBXFileReference; fileEncoding = 4; lastKnownFileType = sourcecode.c.objc; name = main.m; path = consoleGame/main.m; sourceTree = SOURCE_ROOT; };
		846665031E199590000F40E5 /* Data.h */ = {isa = PBXFileReference; lastKnownFileType = sourcecode.c.h; name = Data.h; path = consoleGame/Data.h; sourceTree = SOURCE_ROOT; };
		846665101E1BDFE3000F40E5 /* screenplay.json */ = {isa = PBXFileReference; fileEncoding = 4; lastKnownFileType = text.json; name = screenplay.json; path = consoleGame/screenplay.json; sourceTree = SOURCE_ROOT; };
/* End PBXFileReference section */

/* Begin PBXFrameworksBuildPhase section */
		846663AA1E1971F0000F40E5 /* Frameworks */ = {
			isa = PBXFrameworksBuildPhase;
			buildActionMask = 2147483647;
			files = (
			);
			runOnlyForDeploymentPostprocessing = 0;
		};
/* End PBXFrameworksBuildPhase section */

/* Begin PBXGroup section */
		846663A41E1971F0000F40E5 = {
			isa = PBXGroup;
			children = (
				846663AF1E1971F0000F40E5 /* Console */,
			);
			sourceTree = "<group>";
		};
		846663AE1E1971F0000F40E5 /* Products */ = {
			isa = PBXGroup;
			children = (
				846663AD1E1971F0000F40E5 /* consoleGame */,
			);
			name = Products;
			path = ..;
			sourceTree = "<group>";
		};
		846663AF1E1971F0000F40E5 /* Console */ = {
			isa = PBXGroup;
			children = (
				846665041E19B968000F40E5 /* Model */,
				846665051E19B96E000F40E5 /* Controller */,
				846665061E19B996000F40E5 /* View */,
				846663AE1E1971F0000F40E5 /* Products */,
			);
			name = Console;
			path = "console 2";
			sourceTree = "<group>";
		};
		846665041E19B968000F40E5 /* Model */ = {
			isa = PBXGroup;
			children = (
				846665101E1BDFE3000F40E5 /* screenplay.json */,
				846665031E199590000F40E5 /* Data.h */,
			);
			name = Model;
			sourceTree = "<group>";
		};
		846665051E19B96E000F40E5 /* Controller */ = {
			isa = PBXGroup;
			children = (
				846664FE1E1993CA000F40E5 /* ConsolGame.h */,
				846664FF1E1993CA000F40E5 /* ConsolGame.m */,
			);
			name = Controller;
			sourceTree = "<group>";
		};
		846665061E19B996000F40E5 /* View */ = {
			isa = PBXGroup;
			children = (
				846665001E1993CA000F40E5 /* main.m */,
			);
			name = View;
			sourceTree = "<group>";
		};
/* End PBXGroup section */

/* Begin PBXNativeTarget section */
		846663AC1E1971F0000F40E5 /* consoleGame */ = {
			isa = PBXNativeTarget;
			buildConfigurationList = 846663B41E1971F0000F40E5 /* Build configuration list for PBXNativeTarget "consoleGame" */;
			buildPhases = (
				846663A91E1971F0000F40E5 /* Sources */,
				846663AA1E1971F0000F40E5 /* Frameworks */,
				846663AB1E1971F0000F40E5 /* CopyFiles */,
			);
			buildRules = (
			);
			dependencies = (
			);
			name = consoleGame;
			productName = "console 2";
			productReference = 846663AD1E1971F0000F40E5 /* consoleGame */;
			productType = "com.apple.product-type.tool";
		};
/* End PBXNativeTarget section */

/* Begin PBXProject section */
		846663A51E1971F0000F40E5 /* Project object */ = {
			isa = PBXProject;
			attributes = {
				LastUpgradeCheck = 0810;
				ORGANIZATIONNAME = vl.java;
				TargetAttributes = {
					846663AC1E1971F0000F40E5 = {
						CreatedOnToolsVersion = 8.1;
						ProvisioningStyle = Automatic;
					};
				};
			};
			buildConfigurationList = 846663A81E1971F0000F40E5 /* Build configuration list for PBXProject "ConsoleGame" */;
			compatibilityVersion = "Xcode 3.2";
			developmentRegion = English;
			hasScannedForEncodings = 0;
			knownRegions = (
				en,
				Base,
			);
			mainGroup = 846663A41E1971F0000F40E5;
			productRefGroup = 846663AE1E1971F0000F40E5 /* Products */;
			projectDirPath = "";
			projectRoot = "";
			targets = (
				846663AC1E1971F0000F40E5 /* consoleGame */,
			);
		};
/* End PBXProject section */

/* Begin PBXSourcesBuildPhase section */
		846663A91E1971F0000F40E5 /* Sources */ = {
			isa = PBXSourcesBuildPhase;
			buildActionMask = 2147483647;
			files = (
				846665021E1993CA000F40E5 /* main.m in Sources */,
				846665011E1993CA000F40E5 /* ConsolGame.m in Sources */,
			);
			runOnlyForDeploymentPostprocessing = 0;
		};
/* End PBXSourcesBuildPhase section */

/* Begin XCBuildConfiguration section */
		846663B21E1971F0000F40E5 /* Debug */ = {
			isa = XCBuildConfiguration;
			buildSettings = {
				ALWAYS_SEARCH_USER_PATHS = NO;
				CLANG_ANALYZER_NONNULL = YES;
				CLANG_CXX_LANGUAGE_STANDARD = "gnu++0x";
				CLANG_CXX_LIBRARY = "libc++";
				CLANG_ENABLE_MODULES = YES;
				CLANG_ENABLE_OBJC_ARC = YES;
				CLANG_WARN_BOOL_CONVERSION = YES;
				CLANG_WARN_CONSTANT_CONVERSION = YES;
				CLANG_WARN_DIRECT_OBJC_ISA_USAGE = YES_ERROR;
				CLANG_WARN_DOCUMENTATION_COMMENTS = YES;
				CLANG_WARN_EMPTY_BODY = YES;
				CLANG_WARN_ENUM_CONVERSION = YES;
				CLANG_WARN_INFINITE_RECURSION = YES;
				CLANG_WARN_INT_CONVERSION = YES;
				CLANG_WARN_OBJC_ROOT_CLASS = YES_ERROR;
				CLANG_WARN_SUSPICIOUS_MOVES = YES;
				CLANG_WARN_UNREACHABLE_CODE = YES;
				CLANG_WARN__DUPLICATE_METHOD_MATCH = YES;
				CODE_SIGN_IDENTITY = "-";
				COPY_PHASE_STRIP = NO;
				DEBUG_INFORMATION_FORMAT = dwarf;
				ENABLE_STRICT_OBJC_MSGSEND = YES;
				ENABLE_TESTABILITY = YES;
				GCC_C_LANGUAGE_STANDARD = gnu99;
				GCC_DYNAMIC_NO_PIC = NO;
				GCC_NO_COMMON_BLOCKS = YES;
				GCC_OPTIMIZATION_LEVEL = 0;
				GCC_PREPROCESSOR_DEFINITIONS = (
					"DEBUG=1",
					"$(inherited)",
				);
				GCC_WARN_64_TO_32_BIT_CONVERSION = YES;
				GCC_WARN_ABOUT_RETURN_TYPE = YES_ERROR;
				GCC_WARN_UNDECLARED_SELECTOR = YES;
				GCC_WARN_UNINITIALIZED_AUTOS = YES_AGGRESSIVE;
				GCC_WARN_UNUSED_FUNCTION = YES;
				GCC_WARN_UNUSED_VARIABLE = YES;
				MACOSX_DEPLOYMENT_TARGET = 10.12;
				MTL_ENABLE_DEBUG_INFO = YES;
				ONLY_ACTIVE_ARCH = YES;
				SDKROOT = macosx;
			};
			name = Debug;
		};
		846663B31E1971F0000F40E5 /* Release */ = {
			isa = XCBuildConfiguration;
			buildSettings = {
				ALWAYS_SEARCH_USER_PATHS = NO;
				CLANG_ANALYZER_NONNULL = YES;
				CLANG_CXX_LANGUAGE_STANDARD = "gnu++0x";
				CLANG_CXX_LIBRARY = "libc++";
				CLANG_ENABLE_MODULES = YES;
				CLANG_ENABLE_OBJC_ARC = YES;
				CLANG_WARN_BOOL_CONVERSION = YES;
				CLANG_WARN_CONSTANT_CONVERSION = YES;
				CLANG_WARN_DIRECT_OBJC_ISA_USAGE = YES_ERROR;
				CLANG_WARN_DOCUMENTATION_COMMENTS = YES;
				CLANG_WARN_EMPTY_BODY = YES;
				CLANG_WARN_ENUM_CONVERSION = YES;
				CLANG_WARN_INFINITE_RECURSION = YES;
				CLANG_WARN_INT_CONVERSION = YES;
				CLANG_WARN_OBJC_ROOT_CLASS = YES_ERROR;
				CLANG_WARN_SUSPICIOUS_MOVES = YES;
				CLANG_WARN_UNREACHABLE_CODE = YES;
				CLANG_WARN__DUPLICATE_METHOD_MATCH = YES;
				CODE_SIGN_IDENTITY = "-";
				COPY_PHASE_STRIP = NO;
				DEBUG_INFORMATION_FORMAT = "dwarf-with-dsym";
				ENABLE_NS_ASSERTIONS = NO;
				ENABLE_STRICT_OBJC_MSGSEND = YES;
				GCC_C_LANGUAGE_STANDARD = gnu99;
				GCC_NO_COMMON_BLOCKS = YES;
				GCC_WARN_64_TO_32_BIT_CONVERSION = YES;
				GCC_WARN_ABOUT_RETURN_TYPE = YES_ERROR;
				GCC_WARN_UNDECLARED_SELECTOR = YES;
				GCC_WARN_UNINITIALIZED_AUTOS = YES_AGGRESSIVE;
				GCC_WARN_UNUSED_FUNCTION = YES;
				GCC_WARN_UNUSED_VARIABLE = YES;
				MACOSX_DEPLOYMENT_TARGET = 10.12;
				MTL_ENABLE_DEBUG_INFO = NO;
				SDKROOT = macosx;
			};
			name = Release;
		};
		846663B51E1971F0000F40E5 /* Debug */ = {
			isa = XCBuildConfiguration;
			buildSettings = {
				PRODUCT_NAME = "$(TARGET_NAME)";
			};
			name = Debug;
		};
		846663B61E1971F0000F40E5 /* Release */ = {
			isa = XCBuildConfiguration;
			buildSettings = {
				PRODUCT_NAME = "$(TARGET_NAME)";
			};
			name = Release;
		};
/* End XCBuildConfiguration section */

/* Begin XCConfigurationList section */
		846663A81E1971F0000F40E5 /* Build configuration list for PBXProject "ConsoleGame" */ = {
			isa = XCConfigurationList;
			buildConfigurations = (
				846663B21E1971F0000F40E5 /* Debug */,
				846663B31E1971F0000F40E5 /* Release */,
			);
			defaultConfigurationIsVisible = 0;
			defaultConfigurationName = Release;
		};
		846663B41E1971F0000F40E5 /* Build configuration list for PBXNativeTarget "consoleGame" */ = {
			isa = XCConfigurationList;
			buildConfigurations = (
				846663B51E1971F0000F40E5 /* Debug */,
				846663B61E1971F0000F40E5 /* Release */,
			);
			defaultConfigurationIsVisible = 0;
			defaultConfigurationName = Release;
		};
/* End XCConfigurationList section */
	};
	rootObject = 846663A51E1971F0000F40E5 /* Project object */;
}
